
Microsoft Visual Studio Solution File, Format Version 12.00
# Visual Studio Version 18
VisualStudioVersion = 18.0.11205.157
MinimumVisualStudioVersion = 10.0.40219.1
Project("{8BC9CEB8-8B4A-11D0-8D11-00A0C91BC942}") = "hello world", "hello world\hello world.vcxproj", "{63A05211-FC12-4604-A2E7-A9A3A4A35DE9}"
EndProject
Project("{8BC9CEB8-8B4A-11D0-8D11-00A0C91BC942}") = "buildprocess", "buildprocess\buildprocess.vcxproj", "{A4E4967E-F01F-4796-B120-2AF1BE7470AB}"
EndProject
Project("{8BC9CEB8-8B4A-11D0-8D11-00A0C91BC942}") = "io", "io\io.vcxproj", "{B23ED68C-1ACC-4963-94C9-3E6054228AAA}"
EndProject
Project("{8BC9CEB8-8B4A-11D0-8D11-00A0C91BC942}") = "Greeting", "Greeting\Greeting.vcxproj", "{3B6EF85C-CBC5-4808-B6BA-5372DF67556B}"
EndProject
Project("{8BC9CEB8-8B4A-11D0-8D11-00A0C91BC942}") = "File IO", "File IO\File IO.vcxproj", "{DD3B7707-052E-47FC-8DD3-CF72203BA9CD}"
EndProject
Project("{8BC9CEB8-8B4A-11D0-8D11-00A0C91BC942}") = "integrals", "integrals\integrals.vcxproj", "{AEB1E179-D8BE-4442-99D8-24CE4A4D4C7E}"
EndProject
Project("{8BC9CEB8-8B4A-11D0-8D11-00A0C91BC942}") = "Enums", "Enums\Enums.vcxproj", "{2404EA0A-4E5F-42F6-BDEF-A396A0E77417}"
EndProject
Project("{8BC9CEB8-8B4A-11D0-8D11-00A0C91BC942}") = "floats", "floats\floats.vcxproj", "{1833C404-55EE-455A-9A08-1AFB932BBEDA}"
EndProject
Project("{8BC9CEB8-8B4A-11D0-8D11-00A0C91BC942}") = "bool", "bool\bool.vcxproj", "{B5B13A40-2F8A-4E07-AACA-C54A024A202E}"
EndProject
Project("{8BC9CEB8-8B4A-11D0-8D11-00A0C91BC942}") = "charecters", "charecters\charecters.vcxproj", "{6F043081-E2FB-4076-84A0-035872F1BE20}"
EndProject
Project("{8BC9CEB8-8B4A-11D0-8D11-00A0C91BC942}") = "auto", "auto\auto.vcxproj", "{D6C3ABC7-CECB-4964-94AD-6C8B31F3740B}"
EndProject
Project("{8BC9CEB8-8B4A-11D0-8D11-00A0C91BC942}") = "type converison", "type converison\type converison.vcxproj", "{90093012-DF4B-4AED-8BA4-BBE4C9523433}"
EndProject
Project("{8BC9CEB8-8B4A-11D0-8D11-00A0C91BC942}") = "Type Conversion", "Type Conversion\Type Conversion.vcxproj", "{CFA9D4F8-4B48-418D-9816-4C1D82992E4C}"
EndProject
Project("{8BC9CEB8-8B4A-11D0-8D11-00A0C91BC942}") = "simple calculator f1", "simple calculator\simple calculator.vcxproj", "{95483D0B-BE9F-4B82-95D8-72133C27E7EE}"
EndProject
Project("{8BC9CEB8-8B4A-11D0-8D11-00A0C91BC942}") = "simple calculator f2", "simple calculator f2\simple calculator f2.vcxproj", "{F3E5C9AA-06B4-482E-AA9C-616262932BFB}"
EndProject
Project("{8BC9CEB8-8B4A-11D0-8D11-00A0C91BC942}") = "pointers", "pointers\pointers.vcxproj", "{8EC49312-ED6B-4D84-B2A2-7C06AD404BF3}"
EndProject
Project("{8BC9CEB8-8B4A-11D0-8D11-00A0C91BC942}") = "arrays", "arrays\arrays.vcxproj", "{1F59E7C1-A038-4AC5-B1FD-CDDF319A1844}"
EndProject
Project("{8BC9CEB8-8B4A-11D0-8D11-00A0C91BC942}") = "intake assingment", "intake assingment\intake assingment.vcxproj", "{A9B281CF-C5D4-47BC-9EF9-55C159E847AE}"
EndProject
Project("{8BC9CEB8-8B4A-11D0-8D11-00A0C91BC942}") = "swap", "swap\swap.vcxproj", "{ABE933A4-8FA2-44DC-9C56-3BB4F45F8FD0}"
EndProject
Project("{8BC9CEB8-8B4A-11D0-8D11-00A0C91BC942}") = "shared pointers", "shared pointers\shared pointers.vcxproj", "{27BAC539-6460-44C8-A397-C32C12E7BB2A}"
EndProject
Project("{8BC9CEB8-8B4A-11D0-8D11-00A0C91BC942}") = "operators", "operators\operators.vcxproj", "{BE4CAFEC-DE7C-4E9C-A7EC-50397840325B}"
EndProject
Project("{8BC9CEB8-8B4A-11D0-8D11-00A0C91BC942}") = "Bitwise operators", "Bitwise operators\Bitwise operators.vcxproj", "{1A65665A-98A8-4202-9E89-E44472797700}"
EndProject
Global
	GlobalSection(SolutionConfigurationPlatforms) = preSolution
		Debug|x64 = Debug|x64
		Debug|x86 = Debug|x86
		Release|x64 = Release|x64
		Release|x86 = Release|x86
	EndGlobalSection
	GlobalSection(ProjectConfigurationPlatforms) = postSolution
		{63A05211-FC12-4604-A2E7-A9A3A4A35DE9}.Debug|x64.ActiveCfg = Debug|x64
		{63A05211-FC12-4604-A2E7-A9A3A4A35DE9}.Debug|x64.Build.0 = Debug|x64
		{63A05211-FC12-4604-A2E7-A9A3A4A35DE9}.Debug|x86.ActiveCfg = Debug|Win32
		{63A05211-FC12-4604-A2E7-A9A3A4A35DE9}.Debug|x86.Build.0 = Debug|Win32
		{63A05211-FC12-4604-A2E7-A9A3A4A35DE9}.Release|x64.ActiveCfg = Release|x64
		{63A05211-FC12-4604-A2E7-A9A3A4A35DE9}.Release|x64.Build.0 = Release|x64
		{63A05211-FC12-4604-A2E7-A9A3A4A35DE9}.Release|x86.ActiveCfg = Release|Win32
		{63A05211-FC12-4604-A2E7-A9A3A4A35DE9}.Release|x86.Build.0 = Release|Win32
		{A4E4967E-F01F-4796-B120-2AF1BE7470AB}.Debug|x64.ActiveCfg = Debug|x64
		{A4E4967E-F01F-4796-B120-2AF1BE7470AB}.Debug|x64.Build.0 = Debug|x64
		{A4E4967E-F01F-4796-B120-2AF1BE7470AB}.Debug|x86.ActiveCfg = Debug|Win32
		{A4E4967E-F01F-4796-B120-2AF1BE7470AB}.Debug|x86.Build.0 = Debug|Win32
		{A4E4967E-F01F-4796-B120-2AF1BE7470AB}.Release|x64.ActiveCfg = Release|x64
		{A4E4967E-F01F-4796-B120-2AF1BE7470AB}.Release|x64.Build.0 = Release|x64
		{A4E4967E-F01F-4796-B120-2AF1BE7470AB}.Release|x86.ActiveCfg = Release|Win32
		{A4E4967E-F01F-4796-B120-2AF1BE7470AB}.Release|x86.Build.0 = Release|Win32
		{B23ED68C-1ACC-4963-94C9-3E6054228AAA}.Debug|x64.ActiveCfg = Debug|x64
		{B23ED68C-1ACC-4963-94C9-3E6054228AAA}.Debug|x64.Build.0 = Debug|x64
		{B23ED68C-1ACC-4963-94C9-3E6054228AAA}.Debug|x86.ActiveCfg = Debug|Win32
		{B23ED68C-1ACC-4963-94C9-3E6054228AAA}.Debug|x86.Build.0 = Debug|Win32
		{B23ED68C-1ACC-4963-94C9-3E6054228AAA}.Release|x64.ActiveCfg = Release|x64
		{B23ED68C-1ACC-4963-94C9-3E6054228AAA}.Release|x64.Build.0 = Release|x64
		{B23ED68C-1ACC-4963-94C9-3E6054228AAA}.Release|x86.ActiveCfg = Release|Win32
		{B23ED68C-1ACC-4963-94C9-3E6054228AAA}.Release|x86.Build.0 = Release|Win32
		{3B6EF85C-CBC5-4808-B6BA-5372DF67556B}.Debug|x64.ActiveCfg = Debug|x64
		{3B6EF85C-CBC5-4808-B6BA-5372DF67556B}.Debug|x64.Build.0 = Debug|x64
		{3B6EF85C-CBC5-4808-B6BA-5372DF67556B}.Debug|x86.ActiveCfg = Debug|Win32
		{3B6EF85C-CBC5-4808-B6BA-5372DF67556B}.Debug|x86.Build.0 = Debug|Win32
		{3B6EF85C-CBC5-4808-B6BA-5372DF67556B}.Release|x64.ActiveCfg = Release|x64
		{3B6EF85C-CBC5-4808-B6BA-5372DF67556B}.Release|x64.Build.0 = Release|x64
		{3B6EF85C-CBC5-4808-B6BA-5372DF67556B}.Release|x86.ActiveCfg = Release|Win32
		{3B6EF85C-CBC5-4808-B6BA-5372DF67556B}.Release|x86.Build.0 = Release|Win32
		{DD3B7707-052E-47FC-8DD3-CF72203BA9CD}.Debug|x64.ActiveCfg = Debug|x64
		{DD3B7707-052E-47FC-8DD3-CF72203BA9CD}.Debug|x64.Build.0 = Debug|x64
		{DD3B7707-052E-47FC-8DD3-CF72203BA9CD}.Debug|x86.ActiveCfg = Debug|Win32
		{DD3B7707-052E-47FC-8DD3-CF72203BA9CD}.Debug|x86.Build.0 = Debug|Win32
		{DD3B7707-052E-47FC-8DD3-CF72203BA9CD}.Release|x64.ActiveCfg = Release|x64
		{DD3B7707-052E-47FC-8DD3-CF72203BA9CD}.Release|x64.Build.0 = Release|x64
		{DD3B7707-052E-47FC-8DD3-CF72203BA9CD}.Release|x86.ActiveCfg = Release|Win32
		{DD3B7707-052E-47FC-8DD3-CF72203BA9CD}.Release|x86.Build.0 = Release|Win32
		{AEB1E179-D8BE-4442-99D8-24CE4A4D4C7E}.Debug|x64.ActiveCfg = Debug|x64
		{AEB1E179-D8BE-4442-99D8-24CE4A4D4C7E}.Debug|x64.Build.0 = Debug|x64
		{AEB1E179-D8BE-4442-99D8-24CE4A4D4C7E}.Debug|x86.ActiveCfg = Debug|Win32
		{AEB1E179-D8BE-4442-99D8-24CE4A4D4C7E}.Debug|x86.Build.0 = Debug|Win32
		{AEB1E179-D8BE-4442-99D8-24CE4A4D4C7E}.Release|x64.ActiveCfg = Release|x64
		{AEB1E179-D8BE-4442-99D8-24CE4A4D4C7E}.Release|x64.Build.0 = Release|x64
		{AEB1E179-D8BE-4442-99D8-24CE4A4D4C7E}.Release|x86.ActiveCfg = Release|Win32
		{AEB1E179-D8BE-4442-99D8-24CE4A4D4C7E}.Release|x86.Build.0 = Release|Win32
		{2404EA0A-4E5F-42F6-BDEF-A396A0E77417}.Debug|x64.ActiveCfg = Debug|x64
		{2404EA0A-4E5F-42F6-BDEF-A396A0E77417}.Debug|x64.Build.0 = Debug|x64
		{2404EA0A-4E5F-42F6-BDEF-A396A0E77417}.Debug|x86.ActiveCfg = Debug|Win32
		{2404EA0A-4E5F-42F6-BDEF-A396A0E77417}.Debug|x86.Build.0 = Debug|Win32
		{2404EA0A-4E5F-42F6-BDEF-A396A0E77417}.Release|x64.ActiveCfg = Release|x64
		{2404EA0A-4E5F-42F6-BDEF-A396A0E77417}.Release|x64.Build.0 = Release|x64
		{2404EA0A-4E5F-42F6-BDEF-A396A0E77417}.Release|x86.ActiveCfg = Release|Win32
		{2404EA0A-4E5F-42F6-BDEF-A396A0E77417}.Release|x86.Build.0 = Release|Win32
		{1833C404-55EE-455A-9A08-1AFB932BBEDA}.Debug|x64.ActiveCfg = Debug|x64
		{1833C404-55EE-455A-9A08-1AFB932BBEDA}.Debug|x64.Build.0 = Debug|x64
		{1833C404-55EE-455A-9A08-1AFB932BBEDA}.Debug|x86.ActiveCfg = Debug|Win32
		{1833C404-55EE-455A-9A08-1AFB932BBEDA}.Debug|x86.Build.0 = Debug|Win32
		{1833C404-55EE-455A-9A08-1AFB932BBEDA}.Release|x64.ActiveCfg = Release|x64
		{1833C404-55EE-455A-9A08-1AFB932BBEDA}.Release|x64.Build.0 = Release|x64
		{1833C404-55EE-455A-9A08-1AFB932BBEDA}.Release|x86.ActiveCfg = Release|Win32
		{1833C404-55EE-455A-9A08-1AFB932BBEDA}.Release|x86.Build.0 = Release|Win32
		{B5B13A40-2F8A-4E07-AACA-C54A024A202E}.Debug|x64.ActiveCfg = Debug|x64
		{B5B13A40-2F8A-4E07-AACA-C54A024A202E}.Debug|x64.Build.0 = Debug|x64
		{B5B13A40-2F8A-4E07-AACA-C54A024A202E}.Debug|x86.ActiveCfg = Debug|Win32
		{B5B13A40-2F8A-4E07-AACA-C54A024A202E}.Debug|x86.Build.0 = Debug|Win32
		{B5B13A40-2F8A-4E07-AACA-C54A024A202E}.Release|x64.ActiveCfg = Release|x64
		{B5B13A40-2F8A-4E07-AACA-C54A024A202E}.Release|x64.Build.0 = Release|x64
		{B5B13A40-2F8A-4E07-AACA-C54A024A202E}.Release|x86.ActiveCfg = Release|Win32
		{B5B13A40-2F8A-4E07-AACA-C54A024A202E}.Release|x86.Build.0 = Release|Win32
		{6F043081-E2FB-4076-84A0-035872F1BE20}.Debug|x64.ActiveCfg = Debug|x64
		{6F043081-E2FB-4076-84A0-035872F1BE20}.Debug|x64.Build.0 = Debug|x64
		{6F043081-E2FB-4076-84A0-035872F1BE20}.Debug|x86.ActiveCfg = Debug|Win32
		{6F043081-E2FB-4076-84A0-035872F1BE20}.Debug|x86.Build.0 = Debug|Win32
		{6F043081-E2FB-4076-84A0-035872F1BE20}.Release|x64.ActiveCfg = Release|x64
		{6F043081-E2FB-4076-84A0-035872F1BE20}.Release|x64.Build.0 = Release|x64
		{6F043081-E2FB-4076-84A0-035872F1BE20}.Release|x86.ActiveCfg = Release|Win32
		{6F043081-E2FB-4076-84A0-035872F1BE20}.Release|x86.Build.0 = Release|Win32
		{D6C3ABC7-CECB-4964-94AD-6C8B31F3740B}.Debug|x64.ActiveCfg = Debug|x64
		{D6C3ABC7-CECB-4964-94AD-6C8B31F3740B}.Debug|x64.Build.0 = Debug|x64
		{D6C3ABC7-CECB-4964-94AD-6C8B31F3740B}.Debug|x86.ActiveCfg = Debug|Win32
		{D6C3ABC7-CECB-4964-94AD-6C8B31F3740B}.Debug|x86.Build.0 = Debug|Win32
		{D6C3ABC7-CECB-4964-94AD-6C8B31F3740B}.Release|x64.ActiveCfg = Release|x64
		{D6C3ABC7-CECB-4964-94AD-6C8B31F3740B}.Release|x64.Build.0 = Release|x64
		{D6C3ABC7-CECB-4964-94AD-6C8B31F3740B}.Release|x86.ActiveCfg = Release|Win32
		{D6C3ABC7-CECB-4964-94AD-6C8B31F3740B}.Release|x86.Build.0 = Release|Win32
		{90093012-DF4B-4AED-8BA4-BBE4C9523433}.Debug|x64.ActiveCfg = Debug|x64
		{90093012-DF4B-4AED-8BA4-BBE4C9523433}.Debug|x64.Build.0 = Debug|x64
		{90093012-DF4B-4AED-8BA4-BBE4C9523433}.Debug|x86.ActiveCfg = Debug|Win32
		{90093012-DF4B-4AED-8BA4-BBE4C9523433}.Debug|x86.Build.0 = Debug|Win32
		{90093012-DF4B-4AED-8BA4-BBE4C9523433}.Release|x64.ActiveCfg = Release|x64
		{90093012-DF4B-4AED-8BA4-BBE4C9523433}.Release|x64.Build.0 = Release|x64
		{90093012-DF4B-4AED-8BA4-BBE4C9523433}.Release|x86.ActiveCfg = Release|Win32
		{90093012-DF4B-4AED-8BA4-BBE4C9523433}.Release|x86.Build.0 = Release|Win32
		{CFA9D4F8-4B48-418D-9816-4C1D82992E4C}.Debug|x64.ActiveCfg = Debug|x64
		{CFA9D4F8-4B48-418D-9816-4C1D82992E4C}.Debug|x64.Build.0 = Debug|x64
		{CFA9D4F8-4B48-418D-9816-4C1D82992E4C}.Debug|x86.ActiveCfg = Debug|Win32
		{CFA9D4F8-4B48-418D-9816-4C1D82992E4C}.Debug|x86.Build.0 = Debug|Win32
		{CFA9D4F8-4B48-418D-9816-4C1D82992E4C}.Release|x64.ActiveCfg = Release|x64
		{CFA9D4F8-4B48-418D-9816-4C1D82992E4C}.Release|x64.Build.0 = Release|x64
		{CFA9D4F8-4B48-418D-9816-4C1D82992E4C}.Release|x86.ActiveCfg = Release|Win32
		{CFA9D4F8-4B48-418D-9816-4C1D82992E4C}.Release|x86.Build.0 = Release|Win32
		{95483D0B-BE9F-4B82-95D8-72133C27E7EE}.Debug|x64.ActiveCfg = Debug|x64
		{95483D0B-BE9F-4B82-95D8-72133C27E7EE}.Debug|x64.Build.0 = Debug|x64
		{95483D0B-BE9F-4B82-95D8-72133C27E7EE}.Debug|x86.ActiveCfg = Debug|Win32
		{95483D0B-BE9F-4B82-95D8-72133C27E7EE}.Debug|x86.Build.0 = Debug|Win32
		{95483D0B-BE9F-4B82-95D8-72133C27E7EE}.Release|x64.ActiveCfg = Release|x64
		{95483D0B-BE9F-4B82-95D8-72133C27E7EE}.Release|x64.Build.0 = Release|x64
		{95483D0B-BE9F-4B82-95D8-72133C27E7EE}.Release|x86.ActiveCfg = Release|Win32
		{95483D0B-BE9F-4B82-95D8-72133C27E7EE}.Release|x86.Build.0 = Release|Win32
		{F3E5C9AA-06B4-482E-AA9C-616262932BFB}.Debug|x64.ActiveCfg = Debug|x64
		{F3E5C9AA-06B4-482E-AA9C-616262932BFB}.Debug|x64.Build.0 = Debug|x64
		{F3E5C9AA-06B4-482E-AA9C-616262932BFB}.Debug|x86.ActiveCfg = Debug|Win32
		{F3E5C9AA-06B4-482E-AA9C-616262932BFB}.Debug|x86.Build.0 = Debug|Win32
		{F3E5C9AA-06B4-482E-AA9C-616262932BFB}.Release|x64.ActiveCfg = Release|x64
		{F3E5C9AA-06B4-482E-AA9C-616262932BFB}.Release|x64.Build.0 = Release|x64
		{F3E5C9AA-06B4-482E-AA9C-616262932BFB}.Release|x86.ActiveCfg = Release|Win32
		{F3E5C9AA-06B4-482E-AA9C-616262932BFB}.Release|x86.Build.0 = Release|Win32
		{8EC49312-ED6B-4D84-B2A2-7C06AD404BF3}.Debug|x64.ActiveCfg = Debug|x64
		{8EC49312-ED6B-4D84-B2A2-7C06AD404BF3}.Debug|x64.Build.0 = Debug|x64
		{8EC49312-ED6B-4D84-B2A2-7C06AD404BF3}.Debug|x86.ActiveCfg = Debug|Win32
		{8EC49312-ED6B-4D84-B2A2-7C06AD404BF3}.Debug|x86.Build.0 = Debug|Win32
		{8EC49312-ED6B-4D84-B2A2-7C06AD404BF3}.Release|x64.ActiveCfg = Release|x64
		{8EC49312-ED6B-4D84-B2A2-7C06AD404BF3}.Release|x64.Build.0 = Release|x64
		{8EC49312-ED6B-4D84-B2A2-7C06AD404BF3}.Release|x86.ActiveCfg = Release|Win32
		{8EC49312-ED6B-4D84-B2A2-7C06AD404BF3}.Release|x86.Build.0 = Release|Win32
		{1F59E7C1-A038-4AC5-B1FD-CDDF319A1844}.Debug|x64.ActiveCfg = Debug|x64
		{1F59E7C1-A038-4AC5-B1FD-CDDF319A1844}.Debug|x64.Build.0 = Debug|x64
		{1F59E7C1-A038-4AC5-B1FD-CDDF319A1844}.Debug|x86.ActiveCfg = Debug|Win32
		{1F59E7C1-A038-4AC5-B1FD-CDDF319A1844}.Debug|x86.Build.0 = Debug|Win32
		{1F59E7C1-A038-4AC5-B1FD-CDDF319A1844}.Release|x64.ActiveCfg = Release|x64
		{1F59E7C1-A038-4AC5-B1FD-CDDF319A1844}.Release|x64.Build.0 = Release|x64
		{1F59E7C1-A038-4AC5-B1FD-CDDF319A1844}.Release|x86.ActiveCfg = Release|Win32
		{1F59E7C1-A038-4AC5-B1FD-CDDF319A1844}.Release|x86.Build.0 = Release|Win32
		{A9B281CF-C5D4-47BC-9EF9-55C159E847AE}.Debug|x64.ActiveCfg = Debug|x64
		{A9B281CF-C5D4-47BC-9EF9-55C159E847AE}.Debug|x64.Build.0 = Debug|x64
		{A9B281CF-C5D4-47BC-9EF9-55C159E847AE}.Debug|x86.ActiveCfg = Debug|Win32
		{A9B281CF-C5D4-47BC-9EF9-55C159E847AE}.Debug|x86.Build.0 = Debug|Win32
		{A9B281CF-C5D4-47BC-9EF9-55C159E847AE}.Release|x64.ActiveCfg = Release|x64
		{A9B281CF-C5D4-47BC-9EF9-55C159E847AE}.Release|x64.Build.0 = Release|x64
		{A9B281CF-C5D4-47BC-9EF9-55C159E847AE}.Release|x86.ActiveCfg = Release|Win32
		{A9B281CF-C5D4-47BC-9EF9-55C159E847AE}.Release|x86.Build.0 = Release|Win32
		{ABE933A4-8FA2-44DC-9C56-3BB4F45F8FD0}.Debug|x64.ActiveCfg = Debug|x64
		{ABE933A4-8FA2-44DC-9C56-3BB4F45F8FD0}.Debug|x64.Build.0 = Debug|x64
		{ABE933A4-8FA2-44DC-9C56-3BB4F45F8FD0}.Debug|x86.ActiveCfg = Debug|Win32
		{ABE933A4-8FA2-44DC-9C56-3BB4F45F8FD0}.Debug|x86.Build.0 = Debug|Win32
		{ABE933A4-8FA2-44DC-9C56-3BB4F45F8FD0}.Release|x64.ActiveCfg = Release|x64
		{ABE933A4-8FA2-44DC-9C56-3BB4F45F8FD0}.Release|x64.Build.0 = Release|x64
		{ABE933A4-8FA2-44DC-9C56-3BB4F45F8FD0}.Release|x86.ActiveCfg = Release|Win32
		{ABE933A4-8FA2-44DC-9C56-3BB4F45F8FD0}.Release|x86.Build.0 = Release|Win32
		{27BAC539-6460-44C8-A397-C32C12E7BB2A}.Debug|x64.ActiveCfg = Debug|x64
		{27BAC539-6460-44C8-A397-C32C12E7BB2A}.Debug|x64.Build.0 = Debug|x64
		{27BAC539-6460-44C8-A397-C32C12E7BB2A}.Debug|x86.ActiveCfg = Debug|Win32
		{27BAC539-6460-44C8-A397-C32C12E7BB2A}.Debug|x86.Build.0 = Debug|Win32
		{27BAC539-6460-44C8-A397-C32C12E7BB2A}.Release|x64.ActiveCfg = Release|x64
		{27BAC539-6460-44C8-A397-C32C12E7BB2A}.Release|x64.Build.0 = Release|x64
		{27BAC539-6460-44C8-A397-C32C12E7BB2A}.Release|x86.ActiveCfg = Release|Win32
		{27BAC539-6460-44C8-A397-C32C12E7BB2A}.Release|x86.Build.0 = Release|Win32
		{BE4CAFEC-DE7C-4E9C-A7EC-50397840325B}.Debug|x64.ActiveCfg = Debug|x64
		{BE4CAFEC-DE7C-4E9C-A7EC-50397840325B}.Debug|x64.Build.0 = Debug|x64
		{BE4CAFEC-DE7C-4E9C-A7EC-50397840325B}.Debug|x86.ActiveCfg = Debug|Win32
		{BE4CAFEC-DE7C-4E9C-A7EC-50397840325B}.Debug|x86.Build.0 = Debug|Win32
		{BE4CAFEC-DE7C-4E9C-A7EC-50397840325B}.Release|x64.ActiveCfg = Release|x64
		{BE4CAFEC-DE7C-4E9C-A7EC-50397840325B}.Release|x64.Build.0 = Release|x64
		{BE4CAFEC-DE7C-4E9C-A7EC-50397840325B}.Release|x86.ActiveCfg = Release|Win32
		{BE4CAFEC-DE7C-4E9C-A7EC-50397840325B}.Release|x86.Build.0 = Release|Win32
		{1A65665A-98A8-4202-9E89-E44472797700}.Debug|x64.ActiveCfg = Debug|x64
		{1A65665A-98A8-4202-9E89-E44472797700}.Debug|x64.Build.0 = Debug|x64
		{1A65665A-98A8-4202-9E89-E44472797700}.Debug|x86.ActiveCfg = Debug|Win32
		{1A65665A-98A8-4202-9E89-E44472797700}.Debug|x86.Build.0 = Debug|Win32
		{1A65665A-98A8-4202-9E89-E44472797700}.Release|x64.ActiveCfg = Release|x64
		{1A65665A-98A8-4202-9E89-E44472797700}.Release|x64.Build.0 = Release|x64
		{1A65665A-98A8-4202-9E89-E44472797700}.Release|x86.ActiveCfg = Release|Win32
		{1A65665A-98A8-4202-9E89-E44472797700}.Release|x86.Build.0 = Release|Win32
	EndGlobalSection
	GlobalSection(SolutionProperties) = preSolution
		HideSolutionNode = FALSE
	EndGlobalSection
	GlobalSection(ExtensibilityGlobals) = postSolution
		SolutionGuid = {3C706FB0-605C-4EF0-8FD1-9B908BAF770F}
	EndGlobalSection
EndGlobal
