
Microsoft Visual Studio Solution File, Format Version 12.00
# Visual Studio Version 17
VisualStudioVersion = 17.14.36414.22 d17.14
MinimumVisualStudioVersion = 10.0.40219.1
Project("{8BC9CEB8-8B4A-11D0-8D11-00A0C91BC942}") = "hello world", "hello world\hello world.vcxproj", "{63A05211-FC12-4604-A2E7-A9A3A4A35DE9}"
EndProject
Global
	GlobalSection(SolutionConfigurationPlatforms) = preSolution
		Debug|x64 = Debug|x64
		Debug|x86 = Debug|x86
		Release|x64 = Release|x64
		Release|x86 = Release|x86
	EndGlobalSection
	GlobalSection(ProjectConfigurationPlatforms) = postSolution
		{63A05211-FC12-4604-A2E7-A9A3A4A35DE9}.Debug|x64.ActiveCfg = Debug|x64
		{63A05211-FC12-4604-A2E7-A9A3A4A35DE9}.Debug|x64.Build.0 = Debug|x64
		{63A05211-FC12-4604-A2E7-A9A3A4A35DE9}.Debug|x86.ActiveCfg = Debug|Win32
		{63A05211-FC12-4604-A2E7-A9A3A4A35DE9}.Debug|x86.Build.0 = Debug|Win32
		{63A05211-FC12-4604-A2E7-A9A3A4A35DE9}.Release|x64.ActiveCfg = Release|x64
		{63A05211-FC12-4604-A2E7-A9A3A4A35DE9}.Release|x64.Build.0 = Release|x64
		{63A05211-FC12-4604-A2E7-A9A3A4A35DE9}.Release|x86.ActiveCfg = Release|Win32
		{63A05211-FC12-4604-A2E7-A9A3A4A35DE9}.Release|x86.Build.0 = Release|Win32
	EndGlobalSection
	GlobalSection(SolutionProperties) = preSolution
		HideSolutionNode = FALSE
	EndGlobalSection
	GlobalSection(ExtensibilityGlobals) = postSolution
		SolutionGuid = {3C706FB0-605C-4EF0-8FD1-9B908BAF770F}
	EndGlobalSection
EndGlobal
